<?xml version="1.0" encoding="utf-8"?>
<Project ToolsVersion="4.0" xmlns="http://schemas.microsoft.com/developer/msbuild/2003">
  <ItemGroup>
    <Filter Include="GeneratedCode">
      <UniqueIdentifier>{0FB3ECDE-7B73-6815-44AE-B192B02DADF1}</UniqueIdentifier>
    </Filter>
    <Filter Include="Src">
      <UniqueIdentifier>{0D23880B-792C-887C-02A8-9E7C6EB0937C}</UniqueIdentifier>
    </Filter>
    <Filter Include="Src\Reflect">
      <UniqueIdentifier>{E12996FC-4DDF-0EF2-D6D3-08C9428805F6}</UniqueIdentifier>
    </Filter>
  </ItemGroup>
  <ItemGroup>
    <ClInclude Include="GeneratedCode\DM.gen.h">
      <Filter>GeneratedCode</Filter>
    </ClInclude>
    <ClInclude Include="GeneratedCode\Entity.gen.h">
      <Filter>GeneratedCode</Filter>
    </ClInclude>
    <ClInclude Include="GeneratedCode\GCharacter.gen.h">
      <Filter>GeneratedCode</Filter>
    </ClInclude>
    <ClInclude Include="GeneratedCode\GController.gen.h">
      <Filter>GeneratedCode</Filter>
    </ClInclude>
    <ClInclude Include="GeneratedCode\GInfo.gen.h">
      <Filter>GeneratedCode</Filter>
    </ClInclude>
    <ClInclude Include="GeneratedCode\GObject.gen.h">
      <Filter>GeneratedCode</Filter>
    </ClInclude>
    <ClInclude Include="GeneratedCode\GPlayer.gen.h">
      <Filter>GeneratedCode</Filter>
    </ClInclude>
    <ClInclude Include="GeneratedCode\GPlayerController.gen.h">
      <Filter>GeneratedCode</Filter>
    </ClInclude>
    <ClInclude Include="GeneratedCode\GWorld.gen.h">
      <Filter>GeneratedCode</Filter>
    </ClInclude>
    <ClInclude Include="GeneratedCode\GameSetting.gen.h">
      <Filter>GeneratedCode</Filter>
    </ClInclude>
    <ClInclude Include="GeneratedCode\GameStatic.gen.h">
      <Filter>GeneratedCode</Filter>
    </ClInclude>
    <ClInclude Include="GeneratedCode\WorldSetting.gen.h">
      <Filter>GeneratedCode</Filter>
    </ClInclude>
    <ClInclude Include="Src\Reflect\ArgWrap.h">
      <Filter>Src\Reflect</Filter>
    </ClInclude>
    <ClInclude Include="Src\Reflect\GeneratedCppIncludes.h">
      <Filter>Src\Reflect</Filter>
    </ClInclude>
    <ClInclude Include="Src\Reflect\GeneratedHppIncludes.h">
      <Filter>Src\Reflect</Filter>
    </ClInclude>
    <ClInclude Include="Src\Reflect\Hash.h">
      <Filter>Src\Reflect</Filter>
    </ClInclude>
    <ClInclude Include="Src\Reflect\RClass.h">
      <Filter>Src\Reflect</Filter>
    </ClInclude>
    <ClInclude Include="Src\Reflect\RFunction.h">
      <Filter>Src\Reflect</Filter>
    </ClInclude>
    <ClInclude Include="Src\Reflect\RObject.h">
      <Filter>Src\Reflect</Filter>
    </ClInclude>
    <ClInclude Include="Src\Reflect\RProperty.h">
      <Filter>Src\Reflect</Filter>
    </ClInclude>
    <ClInclude Include="Src\Reflect\ReflectMarco.h">
      <Filter>Src\Reflect</Filter>
    </ClInclude>
    <ClInclude Include="Src\Reflect\reflection.h">
      <Filter>Src\Reflect</Filter>
    </ClInclude>
  </ItemGroup>
  <ItemGroup>
    <ClCompile Include="GeneratedCode\DM.gen.cpp">
      <Filter>GeneratedCode</Filter>
    </ClCompile>
    <ClCompile Include="GeneratedCode\Entity.gen.cpp">
      <Filter>GeneratedCode</Filter>
    </ClCompile>
    <ClCompile Include="GeneratedCode\GCharacter.gen.cpp">
      <Filter>GeneratedCode</Filter>
    </ClCompile>
    <ClCompile Include="GeneratedCode\GController.gen.cpp">
      <Filter>GeneratedCode</Filter>
    </ClCompile>
    <ClCompile Include="GeneratedCode\GInfo.gen.cpp">
      <Filter>GeneratedCode</Filter>
    </ClCompile>
    <ClCompile Include="GeneratedCode\GObject.gen.cpp">
      <Filter>GeneratedCode</Filter>
    </ClCompile>
    <ClCompile Include="GeneratedCode\GPlayer.gen.cpp">
      <Filter>GeneratedCode</Filter>
    </ClCompile>
    <ClCompile Include="GeneratedCode\GPlayerController.gen.cpp">
      <Filter>GeneratedCode</Filter>
    </ClCompile>
    <ClCompile Include="GeneratedCode\GWorld.gen.cpp">
      <Filter>GeneratedCode</Filter>
    </ClCompile>
    <ClCompile Include="GeneratedCode\GameSetting.gen.cpp">
      <Filter>GeneratedCode</Filter>
    </ClCompile>
    <ClCompile Include="GeneratedCode\GameStatic.gen.cpp">
      <Filter>GeneratedCode</Filter>
    </ClCompile>
    <ClCompile Include="GeneratedCode\WorldSetting.gen.cpp">
      <Filter>GeneratedCode</Filter>
    </ClCompile>
    <ClCompile Include="Src\Reflect\reflection.cpp">
      <Filter>Src\Reflect</Filter>
    </ClCompile>
  </ItemGroup>
</Project>