<?xml version="1.0" encoding="utf-8"?>
<Project ToolsVersion="4.0" xmlns="http://schemas.microsoft.com/developer/msbuild/2003">
  <ItemGroup>
    <Filter Include="Src">
      <UniqueIdentifier>{0D23880B-792C-887C-02A8-9E7C6EB0937C}</UniqueIdentifier>
    </Filter>
    <Filter Include="Src\Core">
      <UniqueIdentifier>{8537E246-7104-3D52-9A1D-2BFA864972E0}</UniqueIdentifier>
    </Filter>
    <Filter Include="Src\Core\Container">
      <UniqueIdentifier>{97E9BDD1-83CD-7E27-EC2D-797AD83069A9}</UniqueIdentifier>
    </Filter>
    <Filter Include="Src\Core\DelegateSystem">
      <UniqueIdentifier>{F490ACFF-60C8-F496-69D2-58BAD5881B90}</UniqueIdentifier>
    </Filter>
    <Filter Include="Src\Core\EventSystem">
      <UniqueIdentifier>{BBEC0642-A77B-900B-509A-A4063C08A1B1}</UniqueIdentifier>
    </Filter>
    <Filter Include="Src\Core\EventSystem\Event">
      <UniqueIdentifier>{4CCE178C-38DE-C35C-A197-287B8DC6B2F5}</UniqueIdentifier>
    </Filter>
    <Filter Include="Src\Core\Input">
      <UniqueIdentifier>{44B77A9C-3085-6EA2-1919-DFC805864A07}</UniqueIdentifier>
    </Filter>
    <Filter Include="Src\Core\Layer">
      <UniqueIdentifier>{1104AA9C-FDD1-9DA2-E665-0EC9D2D27907}</UniqueIdentifier>
    </Filter>
    <Filter Include="Src\Core\MMM">
      <UniqueIdentifier>{9B89A7D4-87EC-3679-3072-6F2F1CB402FC}</UniqueIdentifier>
    </Filter>
    <Filter Include="Src\Core\Math">
      <UniqueIdentifier>{7E179969-EAD7-14A0-B312-5E1D1F92597C}</UniqueIdentifier>
    </Filter>
    <Filter Include="Src\Core\Render">
      <UniqueIdentifier>{54CE2B40-C059-9904-C96A-1CF93575F504}</UniqueIdentifier>
    </Filter>
    <Filter Include="Src\Core\Render\Camera">
      <UniqueIdentifier>{4C7C0546-3876-2E98-21E3-C4A80D7C9404}</UniqueIdentifier>
    </Filter>
    <Filter Include="Src\Core\Render\FrameBuffer">
      <UniqueIdentifier>{6809985A-D416-C640-5DFD-C12BC90992F7}</UniqueIdentifier>
    </Filter>
    <Filter Include="Src\Core\Render\Renderer">
      <UniqueIdentifier>{7A7056EB-6695-A56B-8FE0-8AFB7B64A489}</UniqueIdentifier>
    </Filter>
    <Filter Include="Src\Core\Render\Texture">
      <UniqueIdentifier>{B407772D-203F-BFC4-2949-23E895FFE5BD}</UniqueIdentifier>
    </Filter>
    <Filter Include="Src\Core\Render\UniformBuffer">
      <UniqueIdentifier>{7D5C9870-E974-7F9A-B221-0F341EF91334}</UniqueIdentifier>
    </Filter>
    <Filter Include="Src\FrameWork">
      <UniqueIdentifier>{AA07B685-16C8-31BC-DF02-7B394B827698}</UniqueIdentifier>
    </Filter>
    <Filter Include="Src\Platform">
      <UniqueIdentifier>{011E97C6-ED80-266B-9606-5F218248F2ED}</UniqueIdentifier>
    </Filter>
    <Filter Include="Src\Platform\Render">
      <UniqueIdentifier>{50118522-BC72-6230-45E0-A8E2B14099EF}</UniqueIdentifier>
    </Filter>
    <Filter Include="Src\Platform\Render\ImGui">
      <UniqueIdentifier>{7A428951-E604-BDDB-2FB5-4B689BB695B9}</UniqueIdentifier>
    </Filter>
    <Filter Include="Src\Platform\Render\OpenGl">
      <UniqueIdentifier>{A420F790-9030-A361-F9E9-0780E51892FA}</UniqueIdentifier>
    </Filter>
    <Filter Include="Src\Platform\Render\OpenGl\Buffer">
      <UniqueIdentifier>{0D02444E-7970-99CD-C259-54CD2E078F69}</UniqueIdentifier>
    </Filter>
    <Filter Include="Src\Platform\Render\OpenGl\FrameBuffer">
      <UniqueIdentifier>{B853A172-A4A5-7862-8DC4-B57279B5914B}</UniqueIdentifier>
    </Filter>
    <Filter Include="Src\Platform\Render\OpenGl\Renderer">
      <UniqueIdentifier>{CA5C4BF6-3616-B6A0-BF75-D07A2B2E6C10}</UniqueIdentifier>
    </Filter>
    <Filter Include="Src\Platform\Render\OpenGl\Texture">
      <UniqueIdentifier>{04AA575C-F0E5-5AC6-59F8-72BD455303E1}</UniqueIdentifier>
    </Filter>
    <Filter Include="Src\Platform\Render\OpenGl\UniformBuffer">
      <UniqueIdentifier>{CD7A1DB0-B9F7-10F3-E274-1107CE50AD86}</UniqueIdentifier>
    </Filter>
    <Filter Include="Src\Platform\Window">
      <UniqueIdentifier>{C83F772E-34A1-543C-BD0E-9BEE296F8BFB}</UniqueIdentifier>
    </Filter>
    <Filter Include="Src\Platform\Window\Input">
      <UniqueIdentifier>{C7A53317-3368-67A1-7C18-F62DE819407F}</UniqueIdentifier>
    </Filter>
    <Filter Include="Src\Platform\Window\Win">
      <UniqueIdentifier>{A5293D14-1161-85AB-1A6B-E9CE8621ACA4}</UniqueIdentifier>
    </Filter>
    <Filter Include="Src\Resource">
      <UniqueIdentifier>{C4C3EDAD-B026-7D52-59AC-B50845EE48D5}</UniqueIdentifier>
    </Filter>
    <Filter Include="Src\Tool">
      <UniqueIdentifier>{9A89EB46-8656-4652-AF6F-34FA9B9B7BE0}</UniqueIdentifier>
    </Filter>
    <Filter Include="Src\Tool\Util">
      <UniqueIdentifier>{27B1464F-9371-C285-5CAC-0B03C82B0762}</UniqueIdentifier>
    </Filter>
    <Filter Include="ThirdPart">
      <UniqueIdentifier>{B7397EC9-23A4-3240-6CE2-E3E5D88B1095}</UniqueIdentifier>
    </Filter>
    <Filter Include="ThirdPart\json">
      <UniqueIdentifier>{E07BB80C-CC49-AC12-B5DD-1C39A14A8877}</UniqueIdentifier>
    </Filter>
    <Filter Include="ThirdPart\json\json">
      <UniqueIdentifier>{A97F4FB8-15E1-2CC6-9E4E-73780AAF6385}</UniqueIdentifier>
    </Filter>
    <Filter Include="ThirdPart\stb_image">
      <UniqueIdentifier>{11BB59B5-7D1C-37C3-068A-7D7572EA6D82}</UniqueIdentifier>
    </Filter>
  </ItemGroup>
  <ItemGroup>
    <ClInclude Include="..\ThirdPart\json\json\json.hpp">
      <Filter>ThirdPart\json\json</Filter>
    </ClInclude>
    <ClInclude Include="..\ThirdPart\stb_image\stb_image.h">
      <Filter>ThirdPart\stb_image</Filter>
    </ClInclude>
    <ClInclude Include="Src\Config.h">
      <Filter>Src</Filter>
    </ClInclude>
    <ClInclude Include="Src\Core\Container\Array.h">
      <Filter>Src\Core\Container</Filter>
    </ClInclude>
    <ClInclude Include="Src\Core\Container\UMap.h">
      <Filter>Src\Core\Container</Filter>
    </ClInclude>
    <ClInclude Include="Src\Core\Container\USet.h">
      <Filter>Src\Core\Container</Filter>
    </ClInclude>
    <ClInclude Include="Src\Core\Core.h">
      <Filter>Src\Core</Filter>
    </ClInclude>
    <ClInclude Include="Src\Core\DelegateSystem\BaseDelegate.h">
      <Filter>Src\Core\DelegateSystem</Filter>
    </ClInclude>
    <ClInclude Include="Src\Core\DelegateSystem\DelegateHash.h">
      <Filter>Src\Core\DelegateSystem</Filter>
    </ClInclude>
    <ClInclude Include="Src\Core\DelegateSystem\DelegateInstance.h">
      <Filter>Src\Core\DelegateSystem</Filter>
    </ClInclude>
    <ClInclude Include="Src\Core\DelegateSystem\DelegateMacro.h">
      <Filter>Src\Core\DelegateSystem</Filter>
    </ClInclude>
    <ClInclude Include="Src\Core\DelegateSystem\DelegateTest.h">
      <Filter>Src\Core\DelegateSystem</Filter>
    </ClInclude>
    <ClInclude Include="Src\Core\DelegateSystem\MultiDelegate.h">
      <Filter>Src\Core\DelegateSystem</Filter>
    </ClInclude>
    <ClInclude Include="Src\Core\EventSystem\Disptcher.h">
      <Filter>Src\Core\EventSystem</Filter>
    </ClInclude>
    <ClInclude Include="Src\Core\EventSystem\Event\Event.h">
      <Filter>Src\Core\EventSystem\Event</Filter>
    </ClInclude>
    <ClInclude Include="Src\Core\EventSystem\Event\KeyEvent.h">
      <Filter>Src\Core\EventSystem\Event</Filter>
    </ClInclude>
    <ClInclude Include="Src\Core\EventSystem\Event\MouseEvent.h">
      <Filter>Src\Core\EventSystem\Event</Filter>
    </ClInclude>
    <ClInclude Include="Src\Core\EventSystem\Event\WindowEvent.h">
      <Filter>Src\Core\EventSystem\Event</Filter>
    </ClInclude>
    <ClInclude Include="Src\Core\EventSystem\EventManager.h">
      <Filter>Src\Core\EventSystem</Filter>
    </ClInclude>
    <ClInclude Include="Src\Core\EventSystem\Listener.h">
      <Filter>Src\Core\EventSystem</Filter>
    </ClInclude>
    <ClInclude Include="Src\Core\Input\Input.h">
      <Filter>Src\Core\Input</Filter>
    </ClInclude>
    <ClInclude Include="Src\Core\Input\KeyCode.h">
      <Filter>Src\Core\Input</Filter>
    </ClInclude>
    <ClInclude Include="Src\Core\Input\MouseButtonCode.h">
      <Filter>Src\Core\Input</Filter>
    </ClInclude>
    <ClInclude Include="Src\Core\Layer\ImGuiLayer.h">
      <Filter>Src\Core\Layer</Filter>
    </ClInclude>
    <ClInclude Include="Src\Core\Layer\Layer.h">
      <Filter>Src\Core\Layer</Filter>
    </ClInclude>
    <ClInclude Include="Src\Core\Layer\LayerStack.h">
      <Filter>Src\Core\Layer</Filter>
    </ClInclude>
    <ClInclude Include="Src\Core\Log.h">
      <Filter>Src\Core</Filter>
    </ClInclude>
    <ClInclude Include="Src\Core\MMM\Reference.h">
      <Filter>Src\Core\MMM</Filter>
    </ClInclude>
    <ClInclude Include="Src\Core\Math\Matrix.h">
      <Filter>Src\Core\Math</Filter>
    </ClInclude>
    <ClInclude Include="Src\Core\Math\Vector.h">
      <Filter>Src\Core\Math</Filter>
    </ClInclude>
    <ClInclude Include="Src\Core\Render\Buffer.h">
      <Filter>Src\Core\Render</Filter>
    </ClInclude>
    <ClInclude Include="Src\Core\Render\Camera\Camera.h">
      <Filter>Src\Core\Render\Camera</Filter>
    </ClInclude>
    <ClInclude Include="Src\Core\Render\Camera\CameraController.h">
      <Filter>Src\Core\Render\Camera</Filter>
    </ClInclude>
    <ClInclude Include="Src\Core\Render\Camera\OrthoGraphicCamera.h">
      <Filter>Src\Core\Render\Camera</Filter>
    </ClInclude>
    <ClInclude Include="Src\Core\Render\FrameBuffer\FrameBuffer.h">
      <Filter>Src\Core\Render\FrameBuffer</Filter>
    </ClInclude>
    <ClInclude Include="Src\Core\Render\GraphicsContext.h">
      <Filter>Src\Core\Render</Filter>
    </ClInclude>
    <ClInclude Include="Src\Core\Render\Renderer\RenderCommand.h">
      <Filter>Src\Core\Render\Renderer</Filter>
    </ClInclude>
    <ClInclude Include="Src\Core\Render\Renderer\Renderer.h">
      <Filter>Src\Core\Render\Renderer</Filter>
    </ClInclude>
    <ClInclude Include="Src\Core\Render\Renderer\Renderer2D.h">
      <Filter>Src\Core\Render\Renderer</Filter>
    </ClInclude>
    <ClInclude Include="Src\Core\Render\Renderer\RendererAPI.h">
      <Filter>Src\Core\Render\Renderer</Filter>
    </ClInclude>
    <ClInclude Include="Src\Core\Render\Shader.h">
      <Filter>Src\Core\Render</Filter>
    </ClInclude>
    <ClInclude Include="Src\Core\Render\Texture\SubTexture2D.h">
      <Filter>Src\Core\Render\Texture</Filter>
    </ClInclude>
    <ClInclude Include="Src\Core\Render\Texture\Texture.h">
      <Filter>Src\Core\Render\Texture</Filter>
    </ClInclude>
    <ClInclude Include="Src\Core\Render\Texture\TextureAtlas.h">
      <Filter>Src\Core\Render\Texture</Filter>
    </ClInclude>
    <ClInclude Include="Src\Core\Render\UniformBuffer\UniformBuffer.h">
      <Filter>Src\Core\Render\UniformBuffer</Filter>
    </ClInclude>
    <ClInclude Include="Src\Core\Render\VertexArray.h">
      <Filter>Src\Core\Render</Filter>
    </ClInclude>
    <ClInclude Include="Src\Core\Serialization.h">
      <Filter>Src\Core</Filter>
    </ClInclude>
    <ClInclude Include="Src\Core\Serializer.h">
      <Filter>Src\Core</Filter>
    </ClInclude>
    <ClInclude Include="Src\Core\Window.h">
      <Filter>Src\Core</Filter>
    </ClInclude>
    <ClInclude Include="Src\DM.h">
      <Filter>Src</Filter>
    </ClInclude>
    <ClInclude Include="Src\DMPCH.h">
      <Filter>Src</Filter>
    </ClInclude>
    <ClInclude Include="Src\FrameWork\GComponent.h">
      <Filter>Src\FrameWork</Filter>
    </ClInclude>
    <ClInclude Include="Src\FrameWork\GActor.h">
      <Filter>Src\FrameWork</Filter>
    </ClInclude>
    <ClInclude Include="Src\FrameWork\GCharacter.h">
      <Filter>Src\FrameWork</Filter>
    </ClInclude>
    <ClInclude Include="Src\FrameWork\GController.h">
      <Filter>Src\FrameWork</Filter>
    </ClInclude>
    <ClInclude Include="Src\FrameWork\GInfo.h">
      <Filter>Src\FrameWork</Filter>
    </ClInclude>
    <ClInclude Include="Src\FrameWork\GObject.h">
      <Filter>Src\FrameWork</Filter>
    </ClInclude>
    <ClInclude Include="Src\FrameWork\GPlayer.h">
      <Filter>Src\FrameWork</Filter>
    </ClInclude>
    <ClInclude Include="Src\FrameWork\GPlayerController.h">
      <Filter>Src\FrameWork</Filter>
    </ClInclude>
    <ClInclude Include="Src\FrameWork\GWorld.h">
      <Filter>Src\FrameWork</Filter>
    </ClInclude>
    <ClInclude Include="Src\FrameWork\GameSetting.h">
      <Filter>Src\FrameWork</Filter>
    </ClInclude>
    <ClInclude Include="Src\FrameWork\WorldSetting.h">
      <Filter>Src\FrameWork</Filter>
    </ClInclude>
    <ClInclude Include="Src\GEngine.h">
      <Filter>Src</Filter>
    </ClInclude>
    <ClInclude Include="Src\Platform\Render\ImGui\imgui_impl_glfw.h">
      <Filter>Src\Platform\Render\ImGui</Filter>
    </ClInclude>
    <ClInclude Include="Src\Platform\Render\ImGui\imgui_impl_opengl3.h">
      <Filter>Src\Platform\Render\ImGui</Filter>
    </ClInclude>
    <ClInclude Include="Src\Platform\Render\ImGui\imgui_impl_opengl3_loader.h">
      <Filter>Src\Platform\Render\ImGui</Filter>
    </ClInclude>
    <ClInclude Include="Src\Platform\Render\OpenGl\Buffer\OpenGlBuffer.h">
      <Filter>Src\Platform\Render\OpenGl\Buffer</Filter>
    </ClInclude>
    <ClInclude Include="Src\Platform\Render\OpenGl\FrameBuffer\OpenGlFrameBuffer.h">
      <Filter>Src\Platform\Render\OpenGl\FrameBuffer</Filter>
    </ClInclude>
    <ClInclude Include="Src\Platform\Render\OpenGl\OpenGlContext.h">
      <Filter>Src\Platform\Render\OpenGl</Filter>
    </ClInclude>
    <ClInclude Include="Src\Platform\Render\OpenGl\OpenGlShader.h">
      <Filter>Src\Platform\Render\OpenGl</Filter>
    </ClInclude>
    <ClInclude Include="Src\Platform\Render\OpenGl\OpenGlVertexArray.h">
      <Filter>Src\Platform\Render\OpenGl</Filter>
    </ClInclude>
    <ClInclude Include="Src\Platform\Render\OpenGl\Renderer\OpenGlRendererAPI.h">
      <Filter>Src\Platform\Render\OpenGl\Renderer</Filter>
    </ClInclude>
    <ClInclude Include="Src\Platform\Render\OpenGl\Texture\OpenGlTexture.h">
      <Filter>Src\Platform\Render\OpenGl\Texture</Filter>
    </ClInclude>
    <ClInclude Include="Src\Platform\Render\OpenGl\UniformBuffer\OpenGlUniformBuffer.h">
      <Filter>Src\Platform\Render\OpenGl\UniformBuffer</Filter>
    </ClInclude>
    <ClInclude Include="Src\Platform\Window\Win\WinWindow.h">
      <Filter>Src\Platform\Window\Win</Filter>
    </ClInclude>
    <ClInclude Include="Src\Resource\Asset.h">
      <Filter>Src\Resource</Filter>
    </ClInclude>
    <ClInclude Include="Src\Resource\AssetManager.h">
      <Filter>Src\Resource</Filter>
    </ClInclude>
    <ClInclude Include="Src\Resource\AssetRegistry.h">
      <Filter>Src\Resource</Filter>
    </ClInclude>
    <ClInclude Include="Src\Tool\ISingletion.h">
      <Filter>Src\Tool</Filter>
    </ClInclude>
    <ClInclude Include="Src\Tool\Util\GameStatic.h">
      <Filter>Src\Tool\Util</Filter>
    </ClInclude>
    <ClInclude Include="Src\Tool\Util\PlatformUtils.h">
      <Filter>Src\Tool\Util</Filter>
    </ClInclude>
    <ClInclude Include="Src\Tool\Util\TimeMeasurer.h">
      <Filter>Src\Tool\Util</Filter>
    </ClInclude>
    <ClInclude Include="Src\Tool\Util\Util.h">
      <Filter>Src\Tool\Util</Filter>
    </ClInclude>
    <ClInclude Include="Src\Editor\Panel\ContentBrowserPanel.h" />
    <ClInclude Include="Src\Editor\Panel\Panel.h" />
    <ClInclude Include="Src\Editor\Panel\SceneHierarchyPanel.h" />
    <ClInclude Include="Src\Editor\EditorLayer.h" />
  </ItemGroup>
  <ItemGroup>
    <ClCompile Include="..\ThirdPart\stb_image\stb_image.cpp">
      <Filter>ThirdPart\stb_image</Filter>
    </ClCompile>
    <ClCompile Include="Src\Config.cpp">
      <Filter>Src</Filter>
    </ClCompile>
    <ClCompile Include="Src\Core\EventSystem\Event\Event.cpp">
      <Filter>Src\Core\EventSystem\Event</Filter>
    </ClCompile>
    <ClCompile Include="Src\Core\EventSystem\EventManager.cpp">
      <Filter>Src\Core\EventSystem</Filter>
    </ClCompile>
    <ClCompile Include="Src\Core\Layer\ImGuiLayer.cpp">
      <Filter>Src\Core\Layer</Filter>
    </ClCompile>
    <ClCompile Include="Src\Core\Layer\Layer.cpp">
      <Filter>Src\Core\Layer</Filter>
    </ClCompile>
    <ClCompile Include="Src\Core\Layer\LayerStack.cpp">
      <Filter>Src\Core\Layer</Filter>
    </ClCompile>
    <ClCompile Include="Src\Core\Log.cpp">
      <Filter>Src\Core</Filter>
    </ClCompile>
    <ClCompile Include="Src\Core\Render\Buffer.cpp">
      <Filter>Src\Core\Render</Filter>
    </ClCompile>
    <ClCompile Include="Src\Core\Render\Camera\Camera.cpp">
      <Filter>Src\Core\Render\Camera</Filter>
    </ClCompile>
    <ClCompile Include="Src\Core\Render\Camera\CameraController.cpp">
      <Filter>Src\Core\Render\Camera</Filter>
    </ClCompile>
    <ClCompile Include="Src\Core\Render\Camera\OrthoGraphicCamera.cpp">
      <Filter>Src\Core\Render\Camera</Filter>
    </ClCompile>
    <ClCompile Include="Src\Core\Render\FrameBuffer\FrameBuffer.cpp">
      <Filter>Src\Core\Render\FrameBuffer</Filter>
    </ClCompile>
    <ClCompile Include="Src\Core\Render\Renderer\RenderCommand.cpp">
      <Filter>Src\Core\Render\Renderer</Filter>
    </ClCompile>
    <ClCompile Include="Src\Core\Render\Renderer\Renderer.cpp">
      <Filter>Src\Core\Render\Renderer</Filter>
    </ClCompile>
    <ClCompile Include="Src\Core\Render\Renderer\Renderer2D.cpp">
      <Filter>Src\Core\Render\Renderer</Filter>
    </ClCompile>
    <ClCompile Include="Src\Core\Render\Renderer\RendererAPI.cpp">
      <Filter>Src\Core\Render\Renderer</Filter>
    </ClCompile>
    <ClCompile Include="Src\Core\Render\Shader.cpp">
      <Filter>Src\Core\Render</Filter>
    </ClCompile>
    <ClCompile Include="Src\Core\Render\Texture\SubTexture2D.cpp">
      <Filter>Src\Core\Render\Texture</Filter>
    </ClCompile>
    <ClCompile Include="Src\Core\Render\Texture\Texture.cpp">
      <Filter>Src\Core\Render\Texture</Filter>
    </ClCompile>
    <ClCompile Include="Src\Core\Render\Texture\TextureAtlas.cpp">
      <Filter>Src\Core\Render\Texture</Filter>
    </ClCompile>
    <ClCompile Include="Src\Core\Render\UniformBuffer\UniformBuffer.cpp">
      <Filter>Src\Core\Render\UniformBuffer</Filter>
    </ClCompile>
    <ClCompile Include="Src\Core\Render\VertexArray.cpp">
      <Filter>Src\Core\Render</Filter>
    </ClCompile>
    <ClCompile Include="Src\Core\Serializer.cpp">
      <Filter>Src\Core</Filter>
    </ClCompile>
    <ClCompile Include="Src\DMPCH.cpp">
      <Filter>Src</Filter>
    </ClCompile>
    <ClCompile Include="Src\FrameWork\GActor.cpp">
      <Filter>Src\FrameWork</Filter>
    </ClCompile>
    <ClCompile Include="Src\FrameWork\GCharacter.cpp">
      <Filter>Src\FrameWork</Filter>
    </ClCompile>
    <ClCompile Include="Src\FrameWork\GController.cpp">
      <Filter>Src\FrameWork</Filter>
    </ClCompile>
    <ClCompile Include="Src\FrameWork\GInfo.cpp">
      <Filter>Src\FrameWork</Filter>
    </ClCompile>
    <ClCompile Include="Src\FrameWork\GObject.cpp">
      <Filter>Src\FrameWork</Filter>
    </ClCompile>
    <ClCompile Include="Src\FrameWork\GPlayer.cpp">
      <Filter>Src\FrameWork</Filter>
    </ClCompile>
    <ClCompile Include="Src\FrameWork\GPlayerController.cpp">
      <Filter>Src\FrameWork</Filter>
    </ClCompile>
    <ClCompile Include="Src\FrameWork\GWorld.cpp">
      <Filter>Src\FrameWork</Filter>
    </ClCompile>
    <ClCompile Include="Src\FrameWork\GameSetting.cpp">
      <Filter>Src\FrameWork</Filter>
    </ClCompile>
    <ClCompile Include="Src\FrameWork\WorldSetting.cpp">
      <Filter>Src\FrameWork</Filter>
    </ClCompile>
    <ClCompile Include="Src\GEngine.cpp">
      <Filter>Src</Filter>
    </ClCompile>
    <ClCompile Include="Src\Platform\Render\ImGui\imgui_impl_glfw.cpp">
      <Filter>Src\Platform\Render\ImGui</Filter>
    </ClCompile>
    <ClCompile Include="Src\Platform\Render\ImGui\imgui_impl_opengl3.cpp">
      <Filter>Src\Platform\Render\ImGui</Filter>
    </ClCompile>
    <ClCompile Include="Src\Platform\Render\OpenGl\Buffer\OpenGlBuffer.cpp">
      <Filter>Src\Platform\Render\OpenGl\Buffer</Filter>
    </ClCompile>
    <ClCompile Include="Src\Platform\Render\OpenGl\FrameBuffer\OpenGlFrameBuffer.cpp">
      <Filter>Src\Platform\Render\OpenGl\FrameBuffer</Filter>
    </ClCompile>
    <ClCompile Include="Src\Platform\Render\OpenGl\OpenGlContext.cpp">
      <Filter>Src\Platform\Render\OpenGl</Filter>
    </ClCompile>
    <ClCompile Include="Src\Platform\Render\OpenGl\OpenGlShader.cpp">
      <Filter>Src\Platform\Render\OpenGl</Filter>
    </ClCompile>
    <ClCompile Include="Src\Platform\Render\OpenGl\OpenGlVertexArray.cpp">
      <Filter>Src\Platform\Render\OpenGl</Filter>
    </ClCompile>
    <ClCompile Include="Src\Platform\Render\OpenGl\Renderer\OpenGlRendererAPI.cpp">
      <Filter>Src\Platform\Render\OpenGl\Renderer</Filter>
    </ClCompile>
    <ClCompile Include="Src\Platform\Render\OpenGl\Texture\OpenGlTexture.cpp">
      <Filter>Src\Platform\Render\OpenGl\Texture</Filter>
    </ClCompile>
    <ClCompile Include="Src\Platform\Render\OpenGl\UniformBuffer\OpenGlUniformBuffer.cpp">
      <Filter>Src\Platform\Render\OpenGl\UniformBuffer</Filter>
    </ClCompile>
    <ClCompile Include="Src\Platform\Window\Input\WindowInput.cpp">
      <Filter>Src\Platform\Window\Input</Filter>
    </ClCompile>
    <ClCompile Include="Src\Platform\Window\Win\WinWindow.cpp">
      <Filter>Src\Platform\Window\Win</Filter>
    </ClCompile>
    <ClCompile Include="Src\Platform\Window\WindowsPlatformUtil.cpp">
      <Filter>Src\Platform\Window</Filter>
    </ClCompile>
    <ClCompile Include="Src\Resource\Asset.cpp">
      <Filter>Src\Resource</Filter>
    </ClCompile>
    <ClCompile Include="Src\Resource\AssetManager.cpp">
      <Filter>Src\Resource</Filter>
    </ClCompile>
    <ClCompile Include="Src\Resource\AssetRegistry.cpp">
      <Filter>Src\Resource</Filter>
    </ClCompile>
    <ClCompile Include="Src\Tool\ISingletion.cpp">
      <Filter>Src\Tool</Filter>
    </ClCompile>
    <ClCompile Include="Src\Tool\Util\GameStatic.cpp">
      <Filter>Src\Tool\Util</Filter>
    </ClCompile>
    <ClCompile Include="Src\Tool\Util\TimeMeasurer.cpp">
      <Filter>Src\Tool\Util</Filter>
    </ClCompile>
    <ClCompile Include="Src\Tool\Util\Util.cpp">
      <Filter>Src\Tool\Util</Filter>
    </ClCompile>
    <ClCompile Include="Src\main.cpp">
      <Filter>Src</Filter>
    </ClCompile>
    <ClCompile Include="Src\Editor\Panel\ContentBrowserPanel.cpp" />
    <ClCompile Include="Src\Editor\Panel\SceneHierarchyPanel.cpp" />
    <ClCompile Include="Src\Editor\EditorLayer.cpp" />
  </ItemGroup>
</Project>