<?xml version="1.0" encoding="utf-8"?>
<Project ToolsVersion="4.0" xmlns="http://schemas.microsoft.com/developer/msbuild/2003">
  <ItemGroup>
    <Filter Include="Core">
      <UniqueIdentifier>{2EB4837C-1AEB-840D-C3D7-6A10AFED000F}</UniqueIdentifier>
    </Filter>
    <Filter Include="Core\Container">
      <UniqueIdentifier>{800D9E36-6CDB-913C-556F-026341DC6DA1}</UniqueIdentifier>
    </Filter>
    <Filter Include="Core\DelegateSystem">
      <UniqueIdentifier>{7D8E9C34-E9EF-7942-725D-C0F4DEBDB001}</UniqueIdentifier>
    </Filter>
    <Filter Include="Core\EventSystem">
      <UniqueIdentifier>{E4AE7F5F-D0A7-9EB1-F9D9-8336E5317EBD}</UniqueIdentifier>
    </Filter>
    <Filter Include="Core\EventSystem\Event">
      <UniqueIdentifier>{35CBADD9-21C5-D62B-0A32-6D3CF6CA3C98}</UniqueIdentifier>
    </Filter>
    <Filter Include="Core\Input">
      <UniqueIdentifier>{AD4E7BCD-9906-BD1A-020E-9676EEE4570B}</UniqueIdentifier>
    </Filter>
    <Filter Include="Core\Layer">
      <UniqueIdentifier>{7A9BAACD-6653-EC1A-CF5A-C576BB31870B}</UniqueIdentifier>
    </Filter>
    <Filter Include="Core\Math">
      <UniqueIdentifier>{C7E5BF15-3350-748C-7C8E-2532E83752E1}</UniqueIdentifier>
    </Filter>
    <Filter Include="Core\Util">
      <UniqueIdentifier>{3B98C415-A702-798C-F040-2A325CEA56E1}</UniqueIdentifier>
    </Filter>
    <Filter Include="Platform">
      <UniqueIdentifier>{2AC788B4-1694-E3BF-3FAD-D1672BD9184E}</UniqueIdentifier>
    </Filter>
    <Filter Include="Platform\Render">
      <UniqueIdentifier>{59B26923-C53D-D7E7-CE4E-5ADC3A5933E8}</UniqueIdentifier>
    </Filter>
    <Filter Include="Platform\Window">
      <UniqueIdentifier>{D1E05B2F-3D6C-C9F3-467D-4CE8B28725F4}</UniqueIdentifier>
    </Filter>
    <Filter Include="Platform\Window\Input">
      <UniqueIdentifier>{90291948-FC95-D442-C589-6CA031B5F6AA}</UniqueIdentifier>
    </Filter>
    <Filter Include="Platform\Window\Win">
      <UniqueIdentifier>{2E272D49-9A88-0A57-23F6-50098F564116}</UniqueIdentifier>
    </Filter>
    <Filter Include="Tool">
      <UniqueIdentifier>{43068D7C-2F3D-8E0D-D829-7410C43F0A0F}</UniqueIdentifier>
    </Filter>
    <Filter Include="Tool\Imgui">
      <UniqueIdentifier>{CD694068-B921-82B5-2229-5B110E001DA6}</UniqueIdentifier>
    </Filter>
  </ItemGroup>
  <ItemGroup>
    <ClInclude Include="Src\Application.h" />
    <ClInclude Include="Src\Core\Container\Array.h">
      <Filter>Core\Container</Filter>
    </ClInclude>
    <ClInclude Include="Src\Core\Container\UnOrderedMap.h">
      <Filter>Core\Container</Filter>
    </ClInclude>
    <ClInclude Include="Src\Core\Container\UnOrderedSet.h">
      <Filter>Core\Container</Filter>
    </ClInclude>
    <ClInclude Include="Src\Core\Core.h">
      <Filter>Core</Filter>
    </ClInclude>
    <ClInclude Include="Src\Core\DMType.h">
      <Filter>Core</Filter>
    </ClInclude>
    <ClInclude Include="Src\Core\DelegateSystem\BaseDelegate.h">
      <Filter>Core\DelegateSystem</Filter>
    </ClInclude>
    <ClInclude Include="Src\Core\DelegateSystem\DelegateHash.h">
      <Filter>Core\DelegateSystem</Filter>
    </ClInclude>
    <ClInclude Include="Src\Core\DelegateSystem\DelegateInstance.h">
      <Filter>Core\DelegateSystem</Filter>
    </ClInclude>
    <ClInclude Include="Src\Core\DelegateSystem\DelegateMacro.h">
      <Filter>Core\DelegateSystem</Filter>
    </ClInclude>
    <ClInclude Include="Src\Core\DelegateSystem\DelegateTest.h">
      <Filter>Core\DelegateSystem</Filter>
    </ClInclude>
    <ClInclude Include="Src\Core\DelegateSystem\MultiDelegate.h">
      <Filter>Core\DelegateSystem</Filter>
    </ClInclude>
    <ClInclude Include="Src\Core\EventSystem\Disptcher.h">
      <Filter>Core\EventSystem</Filter>
    </ClInclude>
    <ClInclude Include="Src\Core\EventSystem\Event\Event.h">
      <Filter>Core\EventSystem\Event</Filter>
    </ClInclude>
    <ClInclude Include="Src\Core\EventSystem\Event\KeyEvent.h">
      <Filter>Core\EventSystem\Event</Filter>
    </ClInclude>
    <ClInclude Include="Src\Core\EventSystem\Event\MouseEvent.h">
      <Filter>Core\EventSystem\Event</Filter>
    </ClInclude>
    <ClInclude Include="Src\Core\EventSystem\Event\WindowEvent.h">
      <Filter>Core\EventSystem\Event</Filter>
    </ClInclude>
    <ClInclude Include="Src\Core\EventSystem\EventManager.h">
      <Filter>Core\EventSystem</Filter>
    </ClInclude>
    <ClInclude Include="Src\Core\EventSystem\Listener.h">
      <Filter>Core\EventSystem</Filter>
    </ClInclude>
    <ClInclude Include="Src\Core\Input\Input.h">
      <Filter>Core\Input</Filter>
    </ClInclude>
    <ClInclude Include="Src\Core\Input\KeyCode.h">
      <Filter>Core\Input</Filter>
    </ClInclude>
    <ClInclude Include="Src\Core\Input\MouseButtonCode.h">
      <Filter>Core\Input</Filter>
    </ClInclude>
    <ClInclude Include="Src\Core\Layer\Layer.h">
      <Filter>Core\Layer</Filter>
    </ClInclude>
    <ClInclude Include="Src\Core\Layer\LayerStack.h">
      <Filter>Core\Layer</Filter>
    </ClInclude>
    <ClInclude Include="Src\Core\Log.h">
      <Filter>Core</Filter>
    </ClInclude>
    <ClInclude Include="Src\Core\Math\Vector.h">
      <Filter>Core\Math</Filter>
    </ClInclude>
    <ClInclude Include="Src\Core\Util\Util.h">
      <Filter>Core\Util</Filter>
    </ClInclude>
    <ClInclude Include="Src\DM.h" />
    <ClInclude Include="Src\DMPCH.h" />
    <ClInclude Include="Src\ISingletion.h" />
    <ClInclude Include="Src\Platform\EntryPoint.h">
      <Filter>Platform</Filter>
    </ClInclude>
    <ClInclude Include="Src\Platform\Render\imgui_impl_glfw.h">
      <Filter>Platform\Render</Filter>
    </ClInclude>
    <ClInclude Include="Src\Platform\Render\imgui_impl_opengl3.h">
      <Filter>Platform\Render</Filter>
    </ClInclude>
    <ClInclude Include="Src\Platform\Render\imgui_impl_opengl3_loader.h">
      <Filter>Platform\Render</Filter>
    </ClInclude>
    <ClInclude Include="Src\Platform\Window\Input\WindowInput.h">
      <Filter>Platform\Window\Input</Filter>
    </ClInclude>
    <ClInclude Include="Src\Platform\Window\Win\WinWindow.h">
      <Filter>Platform\Window\Win</Filter>
    </ClInclude>
    <ClInclude Include="Src\Platform\Window\Window.h">
      <Filter>Platform\Window</Filter>
    </ClInclude>
    <ClInclude Include="Src\Tool\Imgui\ImguiLayer.h">
      <Filter>Tool\Imgui</Filter>
    </ClInclude>
  </ItemGroup>
  <ItemGroup>
    <ClCompile Include="Src\Application.cpp" />
    <ClCompile Include="Src\Core\EventSystem\Event\Event.cpp">
      <Filter>Core\EventSystem\Event</Filter>
    </ClCompile>
    <ClCompile Include="Src\Core\EventSystem\EventManager.cpp">
      <Filter>Core\EventSystem</Filter>
    </ClCompile>
    <ClCompile Include="Src\Core\Layer\Layer.cpp">
      <Filter>Core\Layer</Filter>
    </ClCompile>
    <ClCompile Include="Src\Core\Layer\LayerStack.cpp">
      <Filter>Core\Layer</Filter>
    </ClCompile>
    <ClCompile Include="Src\Core\Log.cpp">
      <Filter>Core</Filter>
    </ClCompile>
    <ClCompile Include="Src\Core\Util\Util.cpp">
      <Filter>Core\Util</Filter>
    </ClCompile>
    <ClCompile Include="Src\DMPCH.cpp" />
    <ClCompile Include="Src\ISingletion.cpp" />
    <ClCompile Include="Src\Platform\Render\imgui_impl_glfw.cpp">
      <Filter>Platform\Render</Filter>
    </ClCompile>
    <ClCompile Include="Src\Platform\Render\imgui_impl_opengl3.cpp">
      <Filter>Platform\Render</Filter>
    </ClCompile>
    <ClCompile Include="Src\Platform\Window\Input\WindowInput.cpp">
      <Filter>Platform\Window\Input</Filter>
    </ClCompile>
    <ClCompile Include="Src\Platform\Window\Win\WinWindow.cpp">
      <Filter>Platform\Window\Win</Filter>
    </ClCompile>
    <ClCompile Include="Src\Tool\Imgui\ImguiLayer.cpp">
      <Filter>Tool\Imgui</Filter>
    </ClCompile>
  </ItemGroup>
</Project>